
Microsoft Visual Studio Solution File, Format Version 12.00
# Visual Studio Version 17
VisualStudioVersion = 17.8.34316.72
MinimumVisualStudioVersion = 10.0.40219.1
Project("{8BC9CEB8-8B4A-11D0-8D11-00A0C91BC942}") = "CourceWork", "CourceWork\CourceWork.vcxproj", "{4D20954B-D55D-4555-9E9C-517434DFAFE5}"
EndProject
Global
	GlobalSection(SolutionConfigurationPlatforms) = preSolution
		Debug|x64 = Debug|x64
		Debug|x86 = Debug|x86
		Release|x64 = Release|x64
		Release|x86 = Release|x86
	EndGlobalSection
	GlobalSection(ProjectConfigurationPlatforms) = postSolution
		{4D20954B-D55D-4555-9E9C-517434DFAFE5}.Debug|x64.ActiveCfg = Debug|x64
		{4D20954B-D55D-4555-9E9C-517434DFAFE5}.Debug|x64.Build.0 = Debug|x64
		{4D20954B-D55D-4555-9E9C-517434DFAFE5}.Debug|x86.ActiveCfg = Debug|Win32
		{4D20954B-D55D-4555-9E9C-517434DFAFE5}.Debug|x86.Build.0 = Debug|Win32
		{4D20954B-D55D-4555-9E9C-517434DFAFE5}.Release|x64.ActiveCfg = Release|x64
		{4D20954B-D55D-4555-9E9C-517434DFAFE5}.Release|x64.Build.0 = Release|x64
		{4D20954B-D55D-4555-9E9C-517434DFAFE5}.Release|x86.ActiveCfg = Release|Win32
		{4D20954B-D55D-4555-9E9C-517434DFAFE5}.Release|x86.Build.0 = Release|Win32
	EndGlobalSection
	GlobalSection(SolutionProperties) = preSolution
		HideSolutionNode = FALSE
	EndGlobalSection
	GlobalSection(ExtensibilityGlobals) = postSolution
		SolutionGuid = {2F286198-EE31-46E1-8231-9A4833F32DDB}
	EndGlobalSection
EndGlobal
